
Microsoft Visual Studio Solution File, Format Version 12.00
# Visual Studio 2013
VisualStudioVersion = 12.0.40629.0
MinimumVisualStudioVersion = 10.0.40219.1
Project("{8BC9CEB8-8B4A-11D0-8D11-00A0C91BC942}") = "Bai 1", "Bai 1\Bai 1.vcxproj", "{AC591BF9-7416-4DAF-8EA5-E70D243E9F3E}"
EndProject
Global
	GlobalSection(SolutionConfigurationPlatforms) = preSolution
		Debug|Win32 = Debug|Win32
		Release|Win32 = Release|Win32
	EndGlobalSection
	GlobalSection(ProjectConfigurationPlatforms) = postSolution
		{AC591BF9-7416-4DAF-8EA5-E70D243E9F3E}.Debug|Win32.ActiveCfg = Debug|Win32
		{AC591BF9-7416-4DAF-8EA5-E70D243E9F3E}.Debug|Win32.Build.0 = Debug|Win32
		{AC591BF9-7416-4DAF-8EA5-E70D243E9F3E}.Release|Win32.ActiveCfg = Release|Win32
		{AC591BF9-7416-4DAF-8EA5-E70D243E9F3E}.Release|Win32.Build.0 = Release|Win32
	EndGlobalSection
	GlobalSection(SolutionProperties) = preSolution
		HideSolutionNode = FALSE
	EndGlobalSection
EndGlobal
